// !$*UTF8*$!
{
	archiveVersion = 1;
	classes = {
	};
	objectVersion = 55;
	objects = {

/* Begin PBXBuildFile section */
		EC1D2D6328C366F80000668C /* ShuffleStackDemoView.swift in Sources */ = {isa = PBXBuildFile; fileRef = EC1D2D6228C366F80000668C /* ShuffleStackDemoView.swift */; };
		EC1D2D6B28C37D280000668C /* Sneakers.json in Resources */ = {isa = PBXBuildFile; fileRef = EC1D2D6A28C37D280000668C /* Sneakers.json */; };
		EC1D2D6E28C382EF0000668C /* Color+Extension.swift in Sources */ = {isa = PBXBuildFile; fileRef = EC1D2D6D28C382EF0000668C /* Color+Extension.swift */; };
		EC1D2D7128C3882D0000668C /* Sneaker.swift in Sources */ = {isa = PBXBuildFile; fileRef = EC1D2D7028C3882D0000668C /* Sneaker.swift */; };
		EC1D2D7628C3A6EF0000668C /* SneakerItemRow.swift in Sources */ = {isa = PBXBuildFile; fileRef = EC1D2D7528C3A6EF0000668C /* SneakerItemRow.swift */; };
		EC1D2D7D28C3C8B50000668C /* DragGestureViewModifier.swift in Sources */ = {isa = PBXBuildFile; fileRef = EC1D2D7C28C3C8B50000668C /* DragGestureViewModifier.swift */; };
		EC467D8028D6CCC700291DFD /* CarouselStackDemoView.swift in Sources */ = {isa = PBXBuildFile; fileRef = EC467D7F28D6CCC700291DFD /* CarouselStackDemoView.swift */; };
		EC467D8228D6CF4800291DFD /* SneakerCard.swift in Sources */ = {isa = PBXBuildFile; fileRef = EC467D8128D6CF4800291DFD /* SneakerCard.swift */; };
		EC64DECA28C4EB4000C317A3 /* Launch Screen.storyboard in Resources */ = {isa = PBXBuildFile; fileRef = EC64DEC928C4EB4000C317A3 /* Launch Screen.storyboard */; };
		EC67A95D28BE69F800BDAB83 /* DemoApp.swift in Sources */ = {isa = PBXBuildFile; fileRef = EC67A94D28BE69F700BDAB83 /* DemoApp.swift */; };
		EC67A96128BE69F800BDAB83 /* Assets.xcassets in Resources */ = {isa = PBXBuildFile; fileRef = EC67A94F28BE69F800BDAB83 /* Assets.xcassets */; };
		EC7410B928C44DA3005EFC41 /* MainView.swift in Sources */ = {isa = PBXBuildFile; fileRef = EC7410B828C44DA3005EFC41 /* MainView.swift */; };
		EC7410BD28C45605005EFC41 /* TimingShuffleStackDemoView.swift in Sources */ = {isa = PBXBuildFile; fileRef = EC7410BC28C45605005EFC41 /* TimingShuffleStackDemoView.swift */; };
		EC98DC2128C8E1E7000F3DD9 /* ShuffleIt in Frameworks */ = {isa = PBXBuildFile; productRef = EC98DC2028C8E1E7000F3DD9 /* ShuffleIt */; };
		ECBE0E4B294D782E002239C1 /* ShuffleDeckDemoView.swift in Sources */ = {isa = PBXBuildFile; fileRef = ECBE0E4A294D782E002239C1 /* ShuffleDeckDemoView.swift */; };
		ECDE4B4829584BC800FF1876 /* LandmarkCard.swift in Sources */ = {isa = PBXBuildFile; fileRef = ECDE4B4729584BC800FF1876 /* LandmarkCard.swift */; };
		ECDE4B4A295859A700FF1876 /* Landmarks.json in Resources */ = {isa = PBXBuildFile; fileRef = ECDE4B49295859A700FF1876 /* Landmarks.json */; };
		ECDE4B4C295859D300FF1876 /* Landmark.swift in Sources */ = {isa = PBXBuildFile; fileRef = ECDE4B4B295859D300FF1876 /* Landmark.swift */; };
/* End PBXBuildFile section */

/* Begin PBXFileReference section */
		EC1D2D6228C366F80000668C /* ShuffleStackDemoView.swift */ = {isa = PBXFileReference; lastKnownFileType = sourcecode.swift; path = ShuffleStackDemoView.swift; sourceTree = "<group>"; };
		EC1D2D6A28C37D280000668C /* Sneakers.json */ = {isa = PBXFileReference; lastKnownFileType = text.json; path = Sneakers.json; sourceTree = "<group>"; };
		EC1D2D6D28C382EF0000668C /* Color+Extension.swift */ = {isa = PBXFileReference; lastKnownFileType = sourcecode.swift; path = "Color+Extension.swift"; sourceTree = "<group>"; };
		EC1D2D7028C3882D0000668C /* Sneaker.swift */ = {isa = PBXFileReference; lastKnownFileType = sourcecode.swift; path = Sneaker.swift; sourceTree = "<group>"; };
		EC1D2D7528C3A6EF0000668C /* SneakerItemRow.swift */ = {isa = PBXFileReference; lastKnownFileType = sourcecode.swift; path = SneakerItemRow.swift; sourceTree = "<group>"; };
		EC1D2D7C28C3C8B50000668C /* DragGestureViewModifier.swift */ = {isa = PBXFileReference; lastKnownFileType = sourcecode.swift; path = DragGestureViewModifier.swift; sourceTree = "<group>"; };
		EC467D7F28D6CCC700291DFD /* CarouselStackDemoView.swift */ = {isa = PBXFileReference; lastKnownFileType = sourcecode.swift; path = CarouselStackDemoView.swift; sourceTree = "<group>"; };
		EC467D8128D6CF4800291DFD /* SneakerCard.swift */ = {isa = PBXFileReference; fileEncoding = 4; lastKnownFileType = sourcecode.swift; path = SneakerCard.swift; sourceTree = "<group>"; };
		EC64DEC928C4EB4000C317A3 /* Launch Screen.storyboard */ = {isa = PBXFileReference; lastKnownFileType = file.storyboard; path = "Launch Screen.storyboard"; sourceTree = "<group>"; };
		EC67A94D28BE69F700BDAB83 /* DemoApp.swift */ = {isa = PBXFileReference; lastKnownFileType = sourcecode.swift; path = DemoApp.swift; sourceTree = "<group>"; };
		EC67A94F28BE69F800BDAB83 /* Assets.xcassets */ = {isa = PBXFileReference; lastKnownFileType = folder.assetcatalog; path = Assets.xcassets; sourceTree = "<group>"; };
		EC67A95428BE69F800BDAB83 /* ShuffleIt Demo.app */ = {isa = PBXFileReference; explicitFileType = wrapper.application; includeInIndex = 0; path = "ShuffleIt Demo.app"; sourceTree = BUILT_PRODUCTS_DIR; };
		EC7410B828C44DA3005EFC41 /* MainView.swift */ = {isa = PBXFileReference; fileEncoding = 4; lastKnownFileType = sourcecode.swift; path = MainView.swift; sourceTree = "<group>"; };
		EC7410BC28C45605005EFC41 /* TimingShuffleStackDemoView.swift */ = {isa = PBXFileReference; lastKnownFileType = sourcecode.swift; path = TimingShuffleStackDemoView.swift; sourceTree = "<group>"; };
		EC98DC1F28C8E1D6000F3DD9 /* ShuffleIt */ = {isa = PBXFileReference; lastKnownFileType = wrapper; name = ShuffleIt; path = ..; sourceTree = "<group>"; };
		ECBE0E4A294D782E002239C1 /* ShuffleDeckDemoView.swift */ = {isa = PBXFileReference; lastKnownFileType = sourcecode.swift; path = ShuffleDeckDemoView.swift; sourceTree = "<group>"; };
		ECDE4B4729584BC800FF1876 /* LandmarkCard.swift */ = {isa = PBXFileReference; lastKnownFileType = sourcecode.swift; path = LandmarkCard.swift; sourceTree = "<group>"; };
		ECDE4B49295859A700FF1876 /* Landmarks.json */ = {isa = PBXFileReference; fileEncoding = 4; lastKnownFileType = text.json; path = Landmarks.json; sourceTree = "<group>"; };
		ECDE4B4B295859D300FF1876 /* Landmark.swift */ = {isa = PBXFileReference; lastKnownFileType = sourcecode.swift; path = Landmark.swift; sourceTree = "<group>"; };
/* End PBXFileReference section */

/* Begin PBXFrameworksBuildPhase section */
		EC67A95128BE69F800BDAB83 /* Frameworks */ = {
			isa = PBXFrameworksBuildPhase;
			buildActionMask = 2147483647;
			files = (
				EC98DC2128C8E1E7000F3DD9 /* ShuffleIt in Frameworks */,
			);
			runOnlyForDeploymentPostprocessing = 0;
		};
/* End PBXFrameworksBuildPhase section */

/* Begin PBXGroup section */
		EC1D2D5F28C366A10000668C /* ShuffleStack */ = {
			isa = PBXGroup;
			children = (
				EC7410BB28C455DB005EFC41 /* Scenes */,
			);
			path = ShuffleStack;
			sourceTree = "<group>";
		};
		EC1D2D6028C366AB0000668C /* App */ = {
			isa = PBXGroup;
			children = (
				EC7410B828C44DA3005EFC41 /* MainView.swift */,
				EC67A94D28BE69F700BDAB83 /* DemoApp.swift */,
			);
			path = App;
			sourceTree = "<group>";
		};
		EC1D2D6128C366C20000668C /* Resources */ = {
			isa = PBXGroup;
			children = (
				EC1D2D6428C367E00000668C /* Json */,
				EC67A94F28BE69F800BDAB83 /* Assets.xcassets */,
				EC64DEC928C4EB4000C317A3 /* Launch Screen.storyboard */,
			);
			path = Resources;
			sourceTree = "<group>";
		};
		EC1D2D6428C367E00000668C /* Json */ = {
			isa = PBXGroup;
			children = (
				ECDE4B49295859A700FF1876 /* Landmarks.json */,
				EC1D2D6A28C37D280000668C /* Sneakers.json */,
			);
			path = Json;
			sourceTree = "<group>";
		};
		EC1D2D6528C368F30000668C /* Components */ = {
			isa = PBXGroup;
			children = (
				EC467D8128D6CF4800291DFD /* SneakerCard.swift */,
				EC1D2D7528C3A6EF0000668C /* SneakerItemRow.swift */,
				ECDE4B4729584BC800FF1876 /* LandmarkCard.swift */,
			);
			path = Components;
			sourceTree = "<group>";
		};
		EC1D2D6C28C382D80000668C /* Extensions */ = {
			isa = PBXGroup;
			children = (
				EC1D2D6D28C382EF0000668C /* Color+Extension.swift */,
			);
			path = Extensions;
			sourceTree = "<group>";
		};
		EC1D2D6F28C388170000668C /* Models */ = {
			isa = PBXGroup;
			children = (
				EC1D2D7028C3882D0000668C /* Sneaker.swift */,
				ECDE4B4B295859D300FF1876 /* Landmark.swift */,
			);
			path = Models;
			sourceTree = "<group>";
		};
		EC1D2D7B28C3C8A80000668C /* ViewModifier */ = {
			isa = PBXGroup;
			children = (
				EC1D2D7C28C3C8B50000668C /* DragGestureViewModifier.swift */,
			);
			path = ViewModifier;
			sourceTree = "<group>";
		};
		EC467D7D28D6CC5200291DFD /* CarouselStack */ = {
			isa = PBXGroup;
			children = (
				EC467D7E28D6CC8F00291DFD /* Scenes */,
			);
			path = CarouselStack;
			sourceTree = "<group>";
		};
		EC467D7E28D6CC8F00291DFD /* Scenes */ = {
			isa = PBXGroup;
			children = (
				EC467D7F28D6CCC700291DFD /* CarouselStackDemoView.swift */,
			);
			path = Scenes;
			sourceTree = "<group>";
		};
		EC467D8328D6CF8C00291DFD /* Demos */ = {
			isa = PBXGroup;
			children = (
				ECBE0E49294D7659002239C1 /* ShuffleDeck */,
				EC467D7D28D6CC5200291DFD /* CarouselStack */,
				EC1D2D5F28C366A10000668C /* ShuffleStack */,
			);
			path = Demos;
			sourceTree = "<group>";
		};
		EC67A94728BE69F700BDAB83 = {
			isa = PBXGroup;
			children = (
				EC98DC1E28C8E1D6000F3DD9 /* Packages */,
				EC67A94C28BE69F700BDAB83 /* Demo */,
				EC67A95528BE69F800BDAB83 /* Products */,
				ECF6A7AA28BE6C360098E2BA /* Frameworks */,
			);
			sourceTree = "<group>";
		};
		EC67A94C28BE69F700BDAB83 /* Demo */ = {
			isa = PBXGroup;
			children = (
				EC1D2D6028C366AB0000668C /* App */,
				EC1D2D6528C368F30000668C /* Components */,
				EC467D8328D6CF8C00291DFD /* Demos */,
				EC1D2D6C28C382D80000668C /* Extensions */,
				EC1D2D6F28C388170000668C /* Models */,
				EC1D2D6128C366C20000668C /* Resources */,
				EC1D2D7B28C3C8A80000668C /* ViewModifier */,
			);
			path = Demo;
			sourceTree = "<group>";
		};
		EC67A95528BE69F800BDAB83 /* Products */ = {
			isa = PBXGroup;
			children = (
				EC67A95428BE69F800BDAB83 /* ShuffleIt Demo.app */,
			);
			name = Products;
			sourceTree = "<group>";
		};
		EC7410BB28C455DB005EFC41 /* Scenes */ = {
			isa = PBXGroup;
			children = (
				EC1D2D6228C366F80000668C /* ShuffleStackDemoView.swift */,
				EC7410BC28C45605005EFC41 /* TimingShuffleStackDemoView.swift */,
			);
			path = Scenes;
			sourceTree = "<group>";
		};
		EC98DC1E28C8E1D6000F3DD9 /* Packages */ = {
			isa = PBXGroup;
			children = (
				EC98DC1F28C8E1D6000F3DD9 /* ShuffleIt */,
			);
			name = Packages;
			sourceTree = "<group>";
		};
		ECBE0E49294D7659002239C1 /* ShuffleDeck */ = {
			isa = PBXGroup;
			children = (
				ECBE0E4C294D789A002239C1 /* Scenes */,
			);
			path = ShuffleDeck;
			sourceTree = "<group>";
		};
		ECBE0E4C294D789A002239C1 /* Scenes */ = {
			isa = PBXGroup;
			children = (
				ECBE0E4A294D782E002239C1 /* ShuffleDeckDemoView.swift */,
			);
			path = Scenes;
			sourceTree = "<group>";
		};
		ECF6A7AA28BE6C360098E2BA /* Frameworks */ = {
			isa = PBXGroup;
			children = (
			);
			name = Frameworks;
			sourceTree = "<group>";
		};
/* End PBXGroup section */

/* Begin PBXNativeTarget section */
		EC67A95328BE69F800BDAB83 /* Demo (iOS) */ = {
			isa = PBXNativeTarget;
			buildConfigurationList = EC67A96528BE69F800BDAB83 /* Build configuration list for PBXNativeTarget "Demo (iOS)" */;
			buildPhases = (
				EC67A95028BE69F800BDAB83 /* Sources */,
				EC67A95128BE69F800BDAB83 /* Frameworks */,
				EC67A95228BE69F800BDAB83 /* Resources */,
			);
			buildRules = (
			);
			dependencies = (
			);
			name = "Demo (iOS)";
			packageProductDependencies = (
				EC98DC2028C8E1E7000F3DD9 /* ShuffleIt */,
			);
			productName = "Demo (iOS)";
			productReference = EC67A95428BE69F800BDAB83 /* ShuffleIt Demo.app */;
			productType = "com.apple.product-type.application";
		};
/* End PBXNativeTarget section */

/* Begin PBXProject section */
		EC67A94828BE69F700BDAB83 /* Project object */ = {
			isa = PBXProject;
			attributes = {
				BuildIndependentTargetsInParallel = 1;
				LastSwiftUpdateCheck = 1330;
				LastUpgradeCheck = 1330;
				TargetAttributes = {
					EC67A95328BE69F800BDAB83 = {
						CreatedOnToolsVersion = 13.3.1;
					};
				};
			};
			buildConfigurationList = EC67A94B28BE69F700BDAB83 /* Build configuration list for PBXProject "Demo" */;
			compatibilityVersion = "Xcode 13.0";
			developmentRegion = en;
			hasScannedForEncodings = 0;
			knownRegions = (
				en,
				Base,
			);
			mainGroup = EC67A94728BE69F700BDAB83;
			packageReferences = (
			);
			productRefGroup = EC67A95528BE69F800BDAB83 /* Products */;
			projectDirPath = "";
			projectRoot = "";
			targets = (
				EC67A95328BE69F800BDAB83 /* Demo (iOS) */,
			);
		};
/* End PBXProject section */

/* Begin PBXResourcesBuildPhase section */
		EC67A95228BE69F800BDAB83 /* Resources */ = {
			isa = PBXResourcesBuildPhase;
			buildActionMask = 2147483647;
			files = (
				EC64DECA28C4EB4000C317A3 /* Launch Screen.storyboard in Resources */,
				EC1D2D6B28C37D280000668C /* Sneakers.json in Resources */,
				EC67A96128BE69F800BDAB83 /* Assets.xcassets in Resources */,
				ECDE4B4A295859A700FF1876 /* Landmarks.json in Resources */,
			);
			runOnlyForDeploymentPostprocessing = 0;
		};
/* End PBXResourcesBuildPhase section */

/* Begin PBXSourcesBuildPhase section */
		EC67A95028BE69F800BDAB83 /* Sources */ = {
			isa = PBXSourcesBuildPhase;
			buildActionMask = 2147483647;
			files = (
				ECDE4B4C295859D300FF1876 /* Landmark.swift in Sources */,
				EC1D2D7128C3882D0000668C /* Sneaker.swift in Sources */,
				EC467D8228D6CF4800291DFD /* SneakerCard.swift in Sources */,
				EC7410B928C44DA3005EFC41 /* MainView.swift in Sources */,
				EC1D2D7D28C3C8B50000668C /* DragGestureViewModifier.swift in Sources */,
				EC7410BD28C45605005EFC41 /* TimingShuffleStackDemoView.swift in Sources */,
				ECDE4B4829584BC800FF1876 /* LandmarkCard.swift in Sources */,
				EC467D8028D6CCC700291DFD /* CarouselStackDemoView.swift in Sources */,
				EC1D2D7628C3A6EF0000668C /* SneakerItemRow.swift in Sources */,
				EC1D2D6E28C382EF0000668C /* Color+Extension.swift in Sources */,
				ECBE0E4B294D782E002239C1 /* ShuffleDeckDemoView.swift in Sources */,
				EC1D2D6328C366F80000668C /* ShuffleStackDemoView.swift in Sources */,
				EC67A95D28BE69F800BDAB83 /* DemoApp.swift in Sources */,
			);
			runOnlyForDeploymentPostprocessing = 0;
		};
/* End PBXSourcesBuildPhase section */

/* Begin XCBuildConfiguration section */
		EC67A96328BE69F800BDAB83 /* Debug */ = {
			isa = XCBuildConfiguration;
			buildSettings = {
				ALWAYS_SEARCH_USER_PATHS = NO;
				CLANG_ANALYZER_NONNULL = YES;
				CLANG_ANALYZER_NUMBER_OBJECT_CONVERSION = YES_AGGRESSIVE;
				CLANG_CXX_LANGUAGE_STANDARD = "gnu++17";
				CLANG_ENABLE_MODULES = YES;
				CLANG_ENABLE_OBJC_ARC = YES;
				CLANG_ENABLE_OBJC_WEAK = YES;
				CLANG_WARN_BLOCK_CAPTURE_AUTORELEASING = YES;
				CLANG_WARN_BOOL_CONVERSION = YES;
				CLANG_WARN_COMMA = YES;
				CLANG_WARN_CONSTANT_CONVERSION = YES;
				CLANG_WARN_DEPRECATED_OBJC_IMPLEMENTATIONS = YES;
				CLANG_WARN_DIRECT_OBJC_ISA_USAGE = YES_ERROR;
				CLANG_WARN_DOCUMENTATION_COMMENTS = YES;
				CLANG_WARN_EMPTY_BODY = YES;
				CLANG_WARN_ENUM_CONVERSION = YES;
				CLANG_WARN_INFINITE_RECURSION = YES;
				CLANG_WARN_INT_CONVERSION = YES;
				CLANG_WARN_NON_LITERAL_NULL_CONVERSION = YES;
				CLANG_WARN_OBJC_IMPLICIT_RETAIN_SELF = YES;
				CLANG_WARN_OBJC_LITERAL_CONVERSION = YES;
				CLANG_WARN_OBJC_ROOT_CLASS = YES_ERROR;
				CLANG_WARN_QUOTED_INCLUDE_IN_FRAMEWORK_HEADER = YES;
				CLANG_WARN_RANGE_LOOP_ANALYSIS = YES;
				CLANG_WARN_STRICT_PROTOTYPES = YES;
				CLANG_WARN_SUSPICIOUS_MOVE = YES;
				CLANG_WARN_UNGUARDED_AVAILABILITY = YES_AGGRESSIVE;
				CLANG_WARN_UNREACHABLE_CODE = YES;
				CLANG_WARN__DUPLICATE_METHOD_MATCH = YES;
				COPY_PHASE_STRIP = NO;
				DEBUG_INFORMATION_FORMAT = dwarf;
				ENABLE_STRICT_OBJC_MSGSEND = YES;
				ENABLE_TESTABILITY = YES;
				GCC_C_LANGUAGE_STANDARD = gnu11;
				GCC_DYNAMIC_NO_PIC = NO;
				GCC_NO_COMMON_BLOCKS = YES;
				GCC_OPTIMIZATION_LEVEL = 0;
				GCC_PREPROCESSOR_DEFINITIONS = (
					"DEBUG=1",
					"$(inherited)",
				);
				GCC_WARN_64_TO_32_BIT_CONVERSION = YES;
				GCC_WARN_ABOUT_RETURN_TYPE = YES_ERROR;
				GCC_WARN_UNDECLARED_SELECTOR = YES;
				GCC_WARN_UNINITIALIZED_AUTOS = YES_AGGRESSIVE;
				GCC_WARN_UNUSED_FUNCTION = YES;
				GCC_WARN_UNUSED_VARIABLE = YES;
				MTL_ENABLE_DEBUG_INFO = INCLUDE_SOURCE;
				MTL_FAST_MATH = YES;
				ONLY_ACTIVE_ARCH = YES;
				SWIFT_ACTIVE_COMPILATION_CONDITIONS = DEBUG;
				SWIFT_OPTIMIZATION_LEVEL = "-Onone";
			};
			name = Debug;
		};
		EC67A96428BE69F800BDAB83 /* Release */ = {
			isa = XCBuildConfiguration;
			buildSettings = {
				ALWAYS_SEARCH_USER_PATHS = NO;
				CLANG_ANALYZER_NONNULL = YES;
				CLANG_ANALYZER_NUMBER_OBJECT_CONVERSION = YES_AGGRESSIVE;
				CLANG_CXX_LANGUAGE_STANDARD = "gnu++17";
				CLANG_ENABLE_MODULES = YES;
				CLANG_ENABLE_OBJC_ARC = YES;
				CLANG_ENABLE_OBJC_WEAK = YES;
				CLANG_WARN_BLOCK_CAPTURE_AUTORELEASING = YES;
				CLANG_WARN_BOOL_CONVERSION = YES;
				CLANG_WARN_COMMA = YES;
				CLANG_WARN_CONSTANT_CONVERSION = YES;
				CLANG_WARN_DEPRECATED_OBJC_IMPLEMENTATIONS = YES;
				CLANG_WARN_DIRECT_OBJC_ISA_USAGE = YES_ERROR;
				CLANG_WARN_DOCUMENTATION_COMMENTS = YES;
				CLANG_WARN_EMPTY_BODY = YES;
				CLANG_WARN_ENUM_CONVERSION = YES;
				CLANG_WARN_INFINITE_RECURSION = YES;
				CLANG_WARN_INT_CONVERSION = YES;
				CLANG_WARN_NON_LITERAL_NULL_CONVERSION = YES;
				CLANG_WARN_OBJC_IMPLICIT_RETAIN_SELF = YES;
				CLANG_WARN_OBJC_LITERAL_CONVERSION = YES;
				CLANG_WARN_OBJC_ROOT_CLASS = YES_ERROR;
				CLANG_WARN_QUOTED_INCLUDE_IN_FRAMEWORK_HEADER = YES;
				CLANG_WARN_RANGE_LOOP_ANALYSIS = YES;
				CLANG_WARN_STRICT_PROTOTYPES = YES;
				CLANG_WARN_SUSPICIOUS_MOVE = YES;
				CLANG_WARN_UNGUARDED_AVAILABILITY = YES_AGGRESSIVE;
				CLANG_WARN_UNREACHABLE_CODE = YES;
				CLANG_WARN__DUPLICATE_METHOD_MATCH = YES;
				COPY_PHASE_STRIP = NO;
				DEBUG_INFORMATION_FORMAT = "dwarf-with-dsym";
				ENABLE_NS_ASSERTIONS = NO;
				ENABLE_STRICT_OBJC_MSGSEND = YES;
				GCC_C_LANGUAGE_STANDARD = gnu11;
				GCC_NO_COMMON_BLOCKS = YES;
				GCC_WARN_64_TO_32_BIT_CONVERSION = YES;
				GCC_WARN_ABOUT_RETURN_TYPE = YES_ERROR;
				GCC_WARN_UNDECLARED_SELECTOR = YES;
				GCC_WARN_UNINITIALIZED_AUTOS = YES_AGGRESSIVE;
				GCC_WARN_UNUSED_FUNCTION = YES;
				GCC_WARN_UNUSED_VARIABLE = YES;
				MTL_ENABLE_DEBUG_INFO = NO;
				MTL_FAST_MATH = YES;
				SWIFT_COMPILATION_MODE = wholemodule;
				SWIFT_OPTIMIZATION_LEVEL = "-O";
			};
			name = Release;
		};
		EC67A96628BE69F800BDAB83 /* Debug */ = {
			isa = XCBuildConfiguration;
			buildSettings = {
				ASSETCATALOG_COMPILER_APPICON_NAME = AppIcon;
				ASSETCATALOG_COMPILER_GLOBAL_ACCENT_COLOR_NAME = AccentColor;
				CODE_SIGN_STYLE = Automatic;
				CURRENT_PROJECT_VERSION = 1;
				DEVELOPMENT_TEAM = 9TYSSFKV5U;
				ENABLE_PREVIEWS = YES;
				GENERATE_INFOPLIST_FILE = YES;
				INFOPLIST_KEY_UIApplicationSceneManifest_Generation = YES;
				INFOPLIST_KEY_UIApplicationSupportsIndirectInputEvents = YES;
				INFOPLIST_KEY_UILaunchScreen_Generation = YES;
				INFOPLIST_KEY_UILaunchStoryboardName = "Launch Screen";
				INFOPLIST_KEY_UISupportedInterfaceOrientations_iPad = "UIInterfaceOrientationPortrait UIInterfaceOrientationPortraitUpsideDown UIInterfaceOrientationLandscapeLeft UIInterfaceOrientationLandscapeRight";
				INFOPLIST_KEY_UISupportedInterfaceOrientations_iPhone = UIInterfaceOrientationPortrait;
				IPHONEOS_DEPLOYMENT_TARGET = 15.4;
				LD_RUNPATH_SEARCH_PATHS = (
					"$(inherited)",
					"@executable_path/Frameworks",
				);
				MARKETING_VERSION = 1.0;
				PRODUCT_BUNDLE_IDENTIFIER = com.example.ShuffleIt;
				PRODUCT_NAME = "ShuffleIt Demo";
				SDKROOT = iphoneos;
				SWIFT_EMIT_LOC_STRINGS = YES;
				SWIFT_VERSION = 5.0;
				TARGETED_DEVICE_FAMILY = "1,2";
			};
			name = Debug;
		};
		EC67A96728BE69F800BDAB83 /* Release */ = {
			isa = XCBuildConfiguration;
			buildSettings = {
				ASSETCATALOG_COMPILER_APPICON_NAME = AppIcon;
				ASSETCATALOG_COMPILER_GLOBAL_ACCENT_COLOR_NAME = AccentColor;
				CODE_SIGN_STYLE = Automatic;
				CURRENT_PROJECT_VERSION = 1;
				DEVELOPMENT_TEAM = 9TYSSFKV5U;
				ENABLE_PREVIEWS = YES;
				GENERATE_INFOPLIST_FILE = YES;
				INFOPLIST_KEY_UIApplicationSceneManifest_Generation = YES;
				INFOPLIST_KEY_UIApplicationSupportsIndirectInputEvents = YES;
				INFOPLIST_KEY_UILaunchScreen_Generation = YES;
				INFOPLIST_KEY_UILaunchStoryboardName = "Launch Screen";
				INFOPLIST_KEY_UISupportedInterfaceOrientations_iPad = "UIInterfaceOrientationPortrait UIInterfaceOrientationPortraitUpsideDown UIInterfaceOrientationLandscapeLeft UIInterfaceOrientationLandscapeRight";
				INFOPLIST_KEY_UISupportedInterfaceOrientations_iPhone = UIInterfaceOrientationPortrait;
				IPHONEOS_DEPLOYMENT_TARGET = 15.4;
				LD_RUNPATH_SEARCH_PATHS = (
					"$(inherited)",
					"@executable_path/Frameworks",
				);
				MARKETING_VERSION = 1.0;
				PRODUCT_BUNDLE_IDENTIFIER = com.example.ShuffleIt;
				PRODUCT_NAME = "ShuffleIt Demo";
				SDKROOT = iphoneos;
				SWIFT_EMIT_LOC_STRINGS = YES;
				SWIFT_VERSION = 5.0;
				TARGETED_DEVICE_FAMILY = "1,2";
				VALIDATE_PRODUCT = YES;
			};
			name = Release;
		};
/* End XCBuildConfiguration section */

/* Begin XCConfigurationList section */
		EC67A94B28BE69F700BDAB83 /* Build configuration list for PBXProject "Demo" */ = {
			isa = XCConfigurationList;
			buildConfigurations = (
				EC67A96328BE69F800BDAB83 /* Debug */,
				EC67A96428BE69F800BDAB83 /* Release */,
			);
			defaultConfigurationIsVisible = 0;
			defaultConfigurationName = Release;
		};
		EC67A96528BE69F800BDAB83 /* Build configuration list for PBXNativeTarget "Demo (iOS)" */ = {
			isa = XCConfigurationList;
			buildConfigurations = (
				EC67A96628BE69F800BDAB83 /* Debug */,
				EC67A96728BE69F800BDAB83 /* Release */,
			);
			defaultConfigurationIsVisible = 0;
			defaultConfigurationName = Release;
		};
/* End XCConfigurationList section */

/* Begin XCSwiftPackageProductDependency section */
		EC98DC2028C8E1E7000F3DD9 /* ShuffleIt */ = {
			isa = XCSwiftPackageProductDependency;
			productName = ShuffleIt;
		};
/* End XCSwiftPackageProductDependency section */
	};
	rootObject = EC67A94828BE69F700BDAB83 /* Project object */;
}
